// !$*UTF8*$!
{
	archiveVersion = 1;
	classes = {
	};
	objectVersion = 51;
	objects = {

/* Begin PBXBuildFile section */
		0375DBA2261E1D320013BF82 /* checklistItemTableViewCell.swift in Sources */ = {isa = PBXBuildFile; fileRef = 0375DBA1261E1D320013BF82 /* checklistItemTableViewCell.swift */; };
		03C63C4425EE295A00AD7815 /* postCellTableViewCell.swift in Sources */ = {isa = PBXBuildFile; fileRef = 03C63C4325EE295A00AD7815 /* postCellTableViewCell.swift */; };
		3613CA952602BBC30065D1CE /* TagsViewController.swift in Sources */ = {isa = PBXBuildFile; fileRef = 3613CA912602BBC30065D1CE /* TagsViewController.swift */; };
		3613CA962602BBC30065D1CE /* RecordingViewController.swift in Sources */ = {isa = PBXBuildFile; fileRef = 3613CA922602BBC30065D1CE /* RecordingViewController.swift */; };
		3613CA972602BBC30065D1CE /* RecordingCell.swift in Sources */ = {isa = PBXBuildFile; fileRef = 3613CA932602BBC30065D1CE /* RecordingCell.swift */; };
		3613CA982602BBC30065D1CE /* Recording.swift in Sources */ = {isa = PBXBuildFile; fileRef = 3613CA942602BBC30065D1CE /* Recording.swift */; };
		3613CB4626067C460065D1CE /* HomePageViewController.swift in Sources */ = {isa = PBXBuildFile; fileRef = 3613CB4526067C460065D1CE /* HomePageViewController.swift */; };
		3626DF992617A1DB005EC4B6 /* profileCell.swift in Sources */ = {isa = PBXBuildFile; fileRef = 3626DF982617A1DB005EC4B6 /* profileCell.swift */; };
		362B1B80263677EE000EAB6A /* LoadMoreCollectionViewCell.swift in Sources */ = {isa = PBXBuildFile; fileRef = 362B1B7E263677EE000EAB6A /* LoadMoreCollectionViewCell.swift */; };
		362B1B81263677EE000EAB6A /* LoadMoreCollectionViewCell.xib in Resources */ = {isa = PBXBuildFile; fileRef = 362B1B7F263677EE000EAB6A /* LoadMoreCollectionViewCell.xib */; };
		362B1B84263733A0000EAB6A /* ViewMoreViewController.swift in Sources */ = {isa = PBXBuildFile; fileRef = 362B1B83263733A0000EAB6A /* ViewMoreViewController.swift */; };
		36B9F7EC262E06CE0010BFCD /* ExplorePageViewController.swift in Sources */ = {isa = PBXBuildFile; fileRef = 36B9F7EB262E06CE0010BFCD /* ExplorePageViewController.swift */; };
		36B9F7F2262E0A0E0010BFCD /* RecommendationsTableViewCell.swift in Sources */ = {isa = PBXBuildFile; fileRef = 36B9F7F0262E0A0E0010BFCD /* RecommendationsTableViewCell.swift */; };
		36B9F7F3262E0A0E0010BFCD /* RecommendationsTableViewCell.xib in Resources */ = {isa = PBXBuildFile; fileRef = 36B9F7F1262E0A0E0010BFCD /* RecommendationsTableViewCell.xib */; };
		36B9F7F7262E0A280010BFCD /* GenresTableViewCell.swift in Sources */ = {isa = PBXBuildFile; fileRef = 36B9F7F5262E0A280010BFCD /* GenresTableViewCell.swift */; };
		36B9F7F8262E0A280010BFCD /* GenresTableViewCell.xib in Resources */ = {isa = PBXBuildFile; fileRef = 36B9F7F6262E0A280010BFCD /* GenresTableViewCell.xib */; };
		36B9F7FC262E0A3F0010BFCD /* RecommendationsCollectionViewCell.swift in Sources */ = {isa = PBXBuildFile; fileRef = 36B9F7FA262E0A3F0010BFCD /* RecommendationsCollectionViewCell.swift */; };
		36B9F7FD262E0A3F0010BFCD /* RecommendationsCollectionViewCell.xib in Resources */ = {isa = PBXBuildFile; fileRef = 36B9F7FB262E0A3F0010BFCD /* RecommendationsCollectionViewCell.xib */; };
		36B9F801262E0D950010BFCD /* GenresCollectionViewCell.swift in Sources */ = {isa = PBXBuildFile; fileRef = 36B9F7FF262E0D950010BFCD /* GenresCollectionViewCell.swift */; };
		36B9F802262E0D950010BFCD /* GenresCollectionViewCell.xib in Resources */ = {isa = PBXBuildFile; fileRef = 36B9F800262E0D950010BFCD /* GenresCollectionViewCell.xib */; };
		36B9F811262F2DB60010BFCD /* HeaderTableViewCell.swift in Sources */ = {isa = PBXBuildFile; fileRef = 36B9F810262F2DB60010BFCD /* HeaderTableViewCell.swift */; };
		36ED9EDA26194BDE0015F454 /* UploadPicViewController.swift in Sources */ = {isa = PBXBuildFile; fileRef = 36ED9ED926194BDE0015F454 /* UploadPicViewController.swift */; };
		36ED9EFA26194C640015F454 /* ProfileViewController.swift in Sources */ = {isa = PBXBuildFile; fileRef = 36ED9EF926194C640015F454 /* ProfileViewController.swift */; };
		60D61B693E64EB1965C57E2B /* Pods_Meditapp.framework in Frameworks */ = {isa = PBXBuildFile; fileRef = FC3A95EE12470508254ED4D5 /* Pods_Meditapp.framework */; };
		9A2750B0262E06A60058F821 /* FollowersViewController.swift in Sources */ = {isa = PBXBuildFile; fileRef = 9A2750AF262E06A60058F821 /* FollowersViewController.swift */; };
		9A2750B3262E08880058F821 /* followerCell.swift in Sources */ = {isa = PBXBuildFile; fileRef = 9A2750B2262E08880058F821 /* followerCell.swift */; };
		9A60A38E2603F26200E93DB1 /* UserProfilePageViewController.swift in Sources */ = {isa = PBXBuildFile; fileRef = 9A60A38D2603F26200E93DB1 /* UserProfilePageViewController.swift */; };
		9A60A3DA26051CC400E93DB1 /* DBViewController.swift in Sources */ = {isa = PBXBuildFile; fileRef = 9A60A3D926051CC400E93DB1 /* DBViewController.swift */; };
		9A60A4422607E48400E93DB1 /* Post.swift in Sources */ = {isa = PBXBuildFile; fileRef = 9A60A4412607E48400E93DB1 /* Post.swift */; };
		9A9970B626127E2A008BAB51 /* CommentViewController.swift in Sources */ = {isa = PBXBuildFile; fileRef = 9A9970B526127E29008BAB51 /* CommentViewController.swift */; };
		9A9970BA2612878E008BAB51 /* commentTableViewCell.swift in Sources */ = {isa = PBXBuildFile; fileRef = 9A9970B92612878E008BAB51 /* commentTableViewCell.swift */; };
		9A9970BD2612888C008BAB51 /* Comment.swift in Sources */ = {isa = PBXBuildFile; fileRef = 9A9970BC2612888C008BAB51 /* Comment.swift */; };
		9AE03F582602958D00715283 /* SelectTagsViewController.swift in Sources */ = {isa = PBXBuildFile; fileRef = 9AE03F572602958D00715283 /* SelectTagsViewController.swift */; };
		9AE03F5B2602959A00715283 /* QuestionanireController.swift in Sources */ = {isa = PBXBuildFile; fileRef = 9AE03F5A2602959900715283 /* QuestionanireController.swift */; };
		9AE03F752602994900715283 /* ChecklistViewController.swift in Sources */ = {isa = PBXBuildFile; fileRef = 9AE03F742602994800715283 /* ChecklistViewController.swift */; };
		9AEA1D0025E5DAC000C329C8 /* AppDelegate.swift in Sources */ = {isa = PBXBuildFile; fileRef = 9AEA1CFF25E5DAC000C329C8 /* AppDelegate.swift */; };
		9AEA1D0925E5DAC400C329C8 /* Assets.xcassets in Resources */ = {isa = PBXBuildFile; fileRef = 9AEA1D0825E5DAC400C329C8 /* Assets.xcassets */; };
		9AEA1D0C25E5DAC400C329C8 /* LaunchScreen.storyboard in Resources */ = {isa = PBXBuildFile; fileRef = 9AEA1D0A25E5DAC400C329C8 /* LaunchScreen.storyboard */; };
		9AEA1D1625E5DE3800C329C8 /* Main.storyboard in Resources */ = {isa = PBXBuildFile; fileRef = 9AEA1D1525E5DE3800C329C8 /* Main.storyboard */; };
		9AEA1D1925E5DE3E00C329C8 /* Login.storyboard in Resources */ = {isa = PBXBuildFile; fileRef = 9AEA1D1825E5DE3D00C329C8 /* Login.storyboard */; };
		9AEA1D1C25E5DE4F00C329C8 /* CreateUserViewController.swift in Sources */ = {isa = PBXBuildFile; fileRef = 9AEA1D1B25E5DE4F00C329C8 /* CreateUserViewController.swift */; };
		9AEA1D2125E5DE5500C329C8 /* LoginViewController.swift in Sources */ = {isa = PBXBuildFile; fileRef = 9AEA1D1E25E5DE5500C329C8 /* LoginViewController.swift */; };
		9AEA1D2325E5DE5500C329C8 /* ForgotPasswordViewController.swift in Sources */ = {isa = PBXBuildFile; fileRef = 9AEA1D2025E5DE5500C329C8 /* ForgotPasswordViewController.swift */; };
		9AEA1D2725E5DE6000C329C8 /* Storyboard+Utility .swift in Sources */ = {isa = PBXBuildFile; fileRef = 9AEA1D2525E5DE6000C329C8 /* Storyboard+Utility .swift */; };
		9AEA1D2825E5DE6000C329C8 /* ViewController+Utility.swift in Sources */ = {isa = PBXBuildFile; fileRef = 9AEA1D2625E5DE6000C329C8 /* ViewController+Utility.swift */; };
		9AEA1D2B25E5DE6800C329C8 /* User.swift in Sources */ = {isa = PBXBuildFile; fileRef = 9AEA1D2A25E5DE6800C329C8 /* User.swift */; };
		9AEA1D2F25E5DE7200C329C8 /* UserService.swift in Sources */ = {isa = PBXBuildFile; fileRef = 9AEA1D2D25E5DE7200C329C8 /* UserService.swift */; };
		9AEA1D3025E5DE7200C329C8 /* AuthService.swift in Sources */ = {isa = PBXBuildFile; fileRef = 9AEA1D2E25E5DE7200C329C8 /* AuthService.swift */; };
		9AEA1D3625E5DF5100C329C8 /* GoogleService-Info.plist in Resources */ = {isa = PBXBuildFile; fileRef = 9AEA1D3525E5DF5100C329C8 /* GoogleService-Info.plist */; };
/* End PBXBuildFile section */

/* Begin PBXFileReference section */
		0375DBA1261E1D320013BF82 /* checklistItemTableViewCell.swift */ = {isa = PBXFileReference; lastKnownFileType = sourcecode.swift; path = checklistItemTableViewCell.swift; sourceTree = "<group>"; };
		03C63C4325EE295A00AD7815 /* postCellTableViewCell.swift */ = {isa = PBXFileReference; lastKnownFileType = sourcecode.swift; path = postCellTableViewCell.swift; sourceTree = "<group>"; };
		3613CA912602BBC30065D1CE /* TagsViewController.swift */ = {isa = PBXFileReference; fileEncoding = 4; lastKnownFileType = sourcecode.swift; path = TagsViewController.swift; sourceTree = "<group>"; };
		3613CA922602BBC30065D1CE /* RecordingViewController.swift */ = {isa = PBXFileReference; fileEncoding = 4; lastKnownFileType = sourcecode.swift; path = RecordingViewController.swift; sourceTree = "<group>"; xcLanguageSpecificationIdentifier = xcode.lang.swift; };
		3613CA932602BBC30065D1CE /* RecordingCell.swift */ = {isa = PBXFileReference; fileEncoding = 4; lastKnownFileType = sourcecode.swift; path = RecordingCell.swift; sourceTree = "<group>"; };
		3613CA942602BBC30065D1CE /* Recording.swift */ = {isa = PBXFileReference; fileEncoding = 4; lastKnownFileType = sourcecode.swift; path = Recording.swift; sourceTree = "<group>"; };
		3613CB4526067C460065D1CE /* HomePageViewController.swift */ = {isa = PBXFileReference; lastKnownFileType = sourcecode.swift; path = HomePageViewController.swift; sourceTree = "<group>"; xcLanguageSpecificationIdentifier = xcode.lang.swift; };
		3626DF982617A1DB005EC4B6 /* profileCell.swift */ = {isa = PBXFileReference; lastKnownFileType = sourcecode.swift; path = profileCell.swift; sourceTree = "<group>"; };
		362B1B7E263677EE000EAB6A /* LoadMoreCollectionViewCell.swift */ = {isa = PBXFileReference; lastKnownFileType = sourcecode.swift; path = LoadMoreCollectionViewCell.swift; sourceTree = "<group>"; };
		362B1B7F263677EE000EAB6A /* LoadMoreCollectionViewCell.xib */ = {isa = PBXFileReference; lastKnownFileType = file.xib; path = LoadMoreCollectionViewCell.xib; sourceTree = "<group>"; };
		362B1B83263733A0000EAB6A /* ViewMoreViewController.swift */ = {isa = PBXFileReference; lastKnownFileType = sourcecode.swift; path = ViewMoreViewController.swift; sourceTree = "<group>"; };
		36B9F7EB262E06CE0010BFCD /* ExplorePageViewController.swift */ = {isa = PBXFileReference; lastKnownFileType = sourcecode.swift; path = ExplorePageViewController.swift; sourceTree = "<group>"; };
		36B9F7F0262E0A0E0010BFCD /* RecommendationsTableViewCell.swift */ = {isa = PBXFileReference; lastKnownFileType = sourcecode.swift; path = RecommendationsTableViewCell.swift; sourceTree = "<group>"; };
		36B9F7F1262E0A0E0010BFCD /* RecommendationsTableViewCell.xib */ = {isa = PBXFileReference; lastKnownFileType = file.xib; path = RecommendationsTableViewCell.xib; sourceTree = "<group>"; };
		36B9F7F5262E0A280010BFCD /* GenresTableViewCell.swift */ = {isa = PBXFileReference; lastKnownFileType = sourcecode.swift; path = GenresTableViewCell.swift; sourceTree = "<group>"; };
		36B9F7F6262E0A280010BFCD /* GenresTableViewCell.xib */ = {isa = PBXFileReference; lastKnownFileType = file.xib; path = GenresTableViewCell.xib; sourceTree = "<group>"; };
		36B9F7FA262E0A3F0010BFCD /* RecommendationsCollectionViewCell.swift */ = {isa = PBXFileReference; lastKnownFileType = sourcecode.swift; path = RecommendationsCollectionViewCell.swift; sourceTree = "<group>"; };
		36B9F7FB262E0A3F0010BFCD /* RecommendationsCollectionViewCell.xib */ = {isa = PBXFileReference; lastKnownFileType = file.xib; path = RecommendationsCollectionViewCell.xib; sourceTree = "<group>"; };
		36B9F7FF262E0D950010BFCD /* GenresCollectionViewCell.swift */ = {isa = PBXFileReference; lastKnownFileType = sourcecode.swift; path = GenresCollectionViewCell.swift; sourceTree = "<group>"; };
		36B9F800262E0D950010BFCD /* GenresCollectionViewCell.xib */ = {isa = PBXFileReference; lastKnownFileType = file.xib; path = GenresCollectionViewCell.xib; sourceTree = "<group>"; };
		36B9F810262F2DB60010BFCD /* HeaderTableViewCell.swift */ = {isa = PBXFileReference; lastKnownFileType = sourcecode.swift; path = HeaderTableViewCell.swift; sourceTree = "<group>"; };
		36ED9ED926194BDE0015F454 /* UploadPicViewController.swift */ = {isa = PBXFileReference; fileEncoding = 4; lastKnownFileType = sourcecode.swift; path = UploadPicViewController.swift; sourceTree = "<group>"; };
		36ED9EF926194C640015F454 /* ProfileViewController.swift */ = {isa = PBXFileReference; fileEncoding = 4; lastKnownFileType = sourcecode.swift; path = ProfileViewController.swift; sourceTree = "<group>"; };
		9A2750AF262E06A60058F821 /* FollowersViewController.swift */ = {isa = PBXFileReference; lastKnownFileType = sourcecode.swift; path = FollowersViewController.swift; sourceTree = "<group>"; };
		9A2750B2262E08880058F821 /* followerCell.swift */ = {isa = PBXFileReference; lastKnownFileType = sourcecode.swift; path = followerCell.swift; sourceTree = "<group>"; };
		9A60A38D2603F26200E93DB1 /* UserProfilePageViewController.swift */ = {isa = PBXFileReference; lastKnownFileType = sourcecode.swift; name = UserProfilePageViewController.swift; path = Meditapp/UserProfilePageViewController.swift; sourceTree = SOURCE_ROOT; };
		9A60A3D926051CC400E93DB1 /* DBViewController.swift */ = {isa = PBXFileReference; lastKnownFileType = sourcecode.swift; path = DBViewController.swift; sourceTree = "<group>"; xcLanguageSpecificationIdentifier = xcode.lang.swift; };
		9A60A4412607E48400E93DB1 /* Post.swift */ = {isa = PBXFileReference; lastKnownFileType = sourcecode.swift; name = Post.swift; path = Meditapp/Post.swift; sourceTree = SOURCE_ROOT; };
		9A9970B526127E29008BAB51 /* CommentViewController.swift */ = {isa = PBXFileReference; lastKnownFileType = sourcecode.swift; path = CommentViewController.swift; sourceTree = "<group>"; };
		9A9970B92612878E008BAB51 /* commentTableViewCell.swift */ = {isa = PBXFileReference; lastKnownFileType = sourcecode.swift; path = commentTableViewCell.swift; sourceTree = "<group>"; };
		9A9970BC2612888C008BAB51 /* Comment.swift */ = {isa = PBXFileReference; lastKnownFileType = sourcecode.swift; path = Comment.swift; sourceTree = "<group>"; };
		9AE03F572602958D00715283 /* SelectTagsViewController.swift */ = {isa = PBXFileReference; fileEncoding = 4; lastKnownFileType = sourcecode.swift; path = SelectTagsViewController.swift; sourceTree = "<group>"; };
		9AE03F5A2602959900715283 /* QuestionanireController.swift */ = {isa = PBXFileReference; fileEncoding = 4; lastKnownFileType = sourcecode.swift; path = QuestionanireController.swift; sourceTree = "<group>"; };
		9AE03F742602994800715283 /* ChecklistViewController.swift */ = {isa = PBXFileReference; fileEncoding = 4; lastKnownFileType = sourcecode.swift; path = ChecklistViewController.swift; sourceTree = "<group>"; };
		9AEA1CFC25E5DAC000C329C8 /* Meditapp.app */ = {isa = PBXFileReference; explicitFileType = wrapper.application; includeInIndex = 0; path = Meditapp.app; sourceTree = BUILT_PRODUCTS_DIR; };
		9AEA1CFF25E5DAC000C329C8 /* AppDelegate.swift */ = {isa = PBXFileReference; lastKnownFileType = sourcecode.swift; path = AppDelegate.swift; sourceTree = "<group>"; };
		9AEA1D0825E5DAC400C329C8 /* Assets.xcassets */ = {isa = PBXFileReference; lastKnownFileType = folder.assetcatalog; path = Assets.xcassets; sourceTree = "<group>"; };
		9AEA1D0B25E5DAC400C329C8 /* Base */ = {isa = PBXFileReference; lastKnownFileType = file.storyboard; name = Base; path = Base.lproj/LaunchScreen.storyboard; sourceTree = "<group>"; };
		9AEA1D0D25E5DAC400C329C8 /* Info.plist */ = {isa = PBXFileReference; lastKnownFileType = text.plist.xml; path = Info.plist; sourceTree = "<group>"; };
		9AEA1D1525E5DE3800C329C8 /* Main.storyboard */ = {isa = PBXFileReference; fileEncoding = 4; lastKnownFileType = file.storyboard; path = Main.storyboard; sourceTree = "<group>"; };
		9AEA1D1825E5DE3D00C329C8 /* Login.storyboard */ = {isa = PBXFileReference; fileEncoding = 4; lastKnownFileType = file.storyboard; path = Login.storyboard; sourceTree = "<group>"; };
		9AEA1D1B25E5DE4F00C329C8 /* CreateUserViewController.swift */ = {isa = PBXFileReference; fileEncoding = 4; lastKnownFileType = sourcecode.swift; path = CreateUserViewController.swift; sourceTree = "<group>"; };
		9AEA1D1E25E5DE5500C329C8 /* LoginViewController.swift */ = {isa = PBXFileReference; fileEncoding = 4; lastKnownFileType = sourcecode.swift; path = LoginViewController.swift; sourceTree = "<group>"; };
		9AEA1D2025E5DE5500C329C8 /* ForgotPasswordViewController.swift */ = {isa = PBXFileReference; fileEncoding = 4; lastKnownFileType = sourcecode.swift; path = ForgotPasswordViewController.swift; sourceTree = "<group>"; };
		9AEA1D2525E5DE6000C329C8 /* Storyboard+Utility .swift */ = {isa = PBXFileReference; fileEncoding = 4; lastKnownFileType = sourcecode.swift; path = "Storyboard+Utility .swift"; sourceTree = "<group>"; };
		9AEA1D2625E5DE6000C329C8 /* ViewController+Utility.swift */ = {isa = PBXFileReference; fileEncoding = 4; lastKnownFileType = sourcecode.swift; path = "ViewController+Utility.swift"; sourceTree = "<group>"; };
		9AEA1D2A25E5DE6800C329C8 /* User.swift */ = {isa = PBXFileReference; fileEncoding = 4; lastKnownFileType = sourcecode.swift; path = User.swift; sourceTree = "<group>"; };
		9AEA1D2D25E5DE7200C329C8 /* UserService.swift */ = {isa = PBXFileReference; fileEncoding = 4; lastKnownFileType = sourcecode.swift; path = UserService.swift; sourceTree = "<group>"; };
		9AEA1D2E25E5DE7200C329C8 /* AuthService.swift */ = {isa = PBXFileReference; fileEncoding = 4; lastKnownFileType = sourcecode.swift; path = AuthService.swift; sourceTree = "<group>"; };
		9AEA1D3525E5DF5100C329C8 /* GoogleService-Info.plist */ = {isa = PBXFileReference; fileEncoding = 4; lastKnownFileType = text.plist.xml; path = "GoogleService-Info.plist"; sourceTree = "<group>"; };
		B2CD616A923D87988BE08962 /* Pods-Meditapp.release.xcconfig */ = {isa = PBXFileReference; includeInIndex = 1; lastKnownFileType = text.xcconfig; name = "Pods-Meditapp.release.xcconfig"; path = "Target Support Files/Pods-Meditapp/Pods-Meditapp.release.xcconfig"; sourceTree = "<group>"; };
		BEE27369E814AADE44D03C86 /* Pods-Meditapp.debug.xcconfig */ = {isa = PBXFileReference; includeInIndex = 1; lastKnownFileType = text.xcconfig; name = "Pods-Meditapp.debug.xcconfig"; path = "Target Support Files/Pods-Meditapp/Pods-Meditapp.debug.xcconfig"; sourceTree = "<group>"; };
		FC3A95EE12470508254ED4D5 /* Pods_Meditapp.framework */ = {isa = PBXFileReference; explicitFileType = wrapper.framework; includeInIndex = 0; path = Pods_Meditapp.framework; sourceTree = BUILT_PRODUCTS_DIR; };
/* End PBXFileReference section */

/* Begin PBXFrameworksBuildPhase section */
		9AEA1CF925E5DABF00C329C8 /* Frameworks */ = {
			isa = PBXFrameworksBuildPhase;
			buildActionMask = 2147483647;
			files = (
				60D61B693E64EB1965C57E2B /* Pods_Meditapp.framework in Frameworks */,
			);
			runOnlyForDeploymentPostprocessing = 0;
		};
/* End PBXFrameworksBuildPhase section */

/* Begin PBXGroup section */
		03A2B2AE25F62016005239B1 /* UserAuth */ = {
			isa = PBXGroup;
			children = (
				9AEA1D2E25E5DE7200C329C8 /* AuthService.swift */,
				9AEA1D1E25E5DE5500C329C8 /* LoginViewController.swift */,
				9AEA1D1B25E5DE4F00C329C8 /* CreateUserViewController.swift */,
				9AEA1D2025E5DE5500C329C8 /* ForgotPasswordViewController.swift */,
				9AEA1D2D25E5DE7200C329C8 /* UserService.swift */,
				9AEA1D2A25E5DE6800C329C8 /* User.swift */,
				9A60A4412607E48400E93DB1 /* Post.swift */,
				9A9970BC2612888C008BAB51 /* Comment.swift */,
			);
			path = UserAuth;
			sourceTree = "<group>";
		};
		03A2B2B125F62249005239B1 /* Storyboards */ = {
			isa = PBXGroup;
			children = (
				9AEA1D1525E5DE3800C329C8 /* Main.storyboard */,
				9AEA1D1825E5DE3D00C329C8 /* Login.storyboard */,
			);
			path = Storyboards;
			sourceTree = "<group>";
		};
		36B9F7EE262E07450010BFCD /* CollectionView Cell */ = {
			isa = PBXGroup;
			children = (
				36B9F7FA262E0A3F0010BFCD /* RecommendationsCollectionViewCell.swift */,
				36B9F7FB262E0A3F0010BFCD /* RecommendationsCollectionViewCell.xib */,
				36B9F7FF262E0D950010BFCD /* GenresCollectionViewCell.swift */,
				36B9F800262E0D950010BFCD /* GenresCollectionViewCell.xib */,
				362B1B7E263677EE000EAB6A /* LoadMoreCollectionViewCell.swift */,
				362B1B7F263677EE000EAB6A /* LoadMoreCollectionViewCell.xib */,
			);
			path = "CollectionView Cell";
			sourceTree = "<group>";
		};
		36B9F7EF262E074F0010BFCD /* TableView Cell */ = {
			isa = PBXGroup;
			children = (
				36B9F7F0262E0A0E0010BFCD /* RecommendationsTableViewCell.swift */,
				36B9F7F1262E0A0E0010BFCD /* RecommendationsTableViewCell.xib */,
				36B9F7F5262E0A280010BFCD /* GenresTableViewCell.swift */,
				36B9F7F6262E0A280010BFCD /* GenresTableViewCell.xib */,
			);
			path = "TableView Cell";
			sourceTree = "<group>";
		};
		36B9F807262F2BEF0010BFCD /* Section headers */ = {
			isa = PBXGroup;
			children = (
				36B9F810262F2DB60010BFCD /* HeaderTableViewCell.swift */,
			);
			path = "Section headers";
			sourceTree = "<group>";
		};
		82E79FF1E6DD832BBC1D75F5 /* Pods */ = {
			isa = PBXGroup;
			children = (
				BEE27369E814AADE44D03C86 /* Pods-Meditapp.debug.xcconfig */,
				B2CD616A923D87988BE08962 /* Pods-Meditapp.release.xcconfig */,
			);
			path = Pods;
			sourceTree = SOURCE_ROOT;
		};
		9AEA1CF325E5DABF00C329C8 = {
			isa = PBXGroup;
			children = (
				9AEA1CFE25E5DAC000C329C8 /* Meditapp */,
				9AEA1CFD25E5DAC000C329C8 /* Products */,
				82E79FF1E6DD832BBC1D75F5 /* Pods */,
				DBB559D127D8298BA1DC9A58 /* Frameworks */,
			);
			sourceTree = "<group>";
		};
		9AEA1CFD25E5DAC000C329C8 /* Products */ = {
			isa = PBXGroup;
			children = (
				9AEA1CFC25E5DAC000C329C8 /* Meditapp.app */,
			);
			name = Products;
			sourceTree = "<group>";
		};
		9AEA1CFE25E5DAC000C329C8 /* Meditapp */ = {
			isa = PBXGroup;
			children = (
				36B9F807262F2BEF0010BFCD /* Section headers */,
				36B9F7EF262E074F0010BFCD /* TableView Cell */,
				36B9F7EE262E07450010BFCD /* CollectionView Cell */,
				9AEA1CFF25E5DAC000C329C8 /* AppDelegate.swift */,
				9AEA1D0825E5DAC400C329C8 /* Assets.xcassets */,
				9AE03F742602994800715283 /* ChecklistViewController.swift */,
				9A9970B92612878E008BAB51 /* commentTableViewCell.swift */,
				9A9970B526127E29008BAB51 /* CommentViewController.swift */,
				9A60A3D926051CC400E93DB1 /* DBViewController.swift */,
				9AEA1D3525E5DF5100C329C8 /* GoogleService-Info.plist */,
				3613CB4526067C460065D1CE /* HomePageViewController.swift */,
				9A2750AF262E06A60058F821 /* FollowersViewController.swift */,
				9AEA1D0D25E5DAC400C329C8 /* Info.plist */,
				9AEA1D0A25E5DAC400C329C8 /* LaunchScreen.storyboard */,
				03C63C4325EE295A00AD7815 /* postCellTableViewCell.swift */,
				3626DF982617A1DB005EC4B6 /* profileCell.swift */,
				9A2750B2262E08880058F821 /* followerCell.swift */,
				36ED9EF926194C640015F454 /* ProfileViewController.swift */,
				9AE03F5A2602959900715283 /* QuestionanireController.swift */,
				3613CA942602BBC30065D1CE /* Recording.swift */,
				3613CA932602BBC30065D1CE /* RecordingCell.swift */,
				3613CA922602BBC30065D1CE /* RecordingViewController.swift */,
				9AE03F572602958D00715283 /* SelectTagsViewController.swift */,
				9AEA1D2525E5DE6000C329C8 /* Storyboard+Utility .swift */,
				03A2B2B125F62249005239B1 /* Storyboards */,
				3613CA912602BBC30065D1CE /* TagsViewController.swift */,
				03A2B2AE25F62016005239B1 /* UserAuth */,
				9A60A38D2603F26200E93DB1 /* UserProfilePageViewController.swift */,
				36ED9ED926194BDE0015F454 /* UploadPicViewController.swift */,
				9AEA1D2625E5DE6000C329C8 /* ViewController+Utility.swift */,
				0375DBA1261E1D320013BF82 /* checklistItemTableViewCell.swift */,
				36B9F7EB262E06CE0010BFCD /* ExplorePageViewController.swift */,
				362B1B83263733A0000EAB6A /* ViewMoreViewController.swift */,
			);
			path = Meditapp;
			sourceTree = "<group>";
		};
		DBB559D127D8298BA1DC9A58 /* Frameworks */ = {
			isa = PBXGroup;
			children = (
				FC3A95EE12470508254ED4D5 /* Pods_Meditapp.framework */,
			);
			name = Frameworks;
			sourceTree = "<group>";
		};
/* End PBXGroup section */

/* Begin PBXNativeTarget section */
		9AEA1CFB25E5DABF00C329C8 /* Meditapp */ = {
			isa = PBXNativeTarget;
			buildConfigurationList = 9AEA1D1025E5DAC400C329C8 /* Build configuration list for PBXNativeTarget "Meditapp" */;
			buildPhases = (
				23DAD5D3353627B6932EC9A2 /* [CP] Check Pods Manifest.lock */,
				9AEA1CF825E5DABF00C329C8 /* Sources */,
				9AEA1CF925E5DABF00C329C8 /* Frameworks */,
				9AEA1CFA25E5DABF00C329C8 /* Resources */,
				DA6F8C4033BB6C160FA51E01 /* [CP] Embed Pods Frameworks */,
			);
			buildRules = (
			);
			dependencies = (
			);
			name = Meditapp;
			productName = Meditapp;
			productReference = 9AEA1CFC25E5DAC000C329C8 /* Meditapp.app */;
			productType = "com.apple.product-type.application";
		};
/* End PBXNativeTarget section */

/* Begin PBXProject section */
		9AEA1CF425E5DABF00C329C8 /* Project object */ = {
			isa = PBXProject;
			attributes = {
				LastSwiftUpdateCheck = 1240;
				LastUpgradeCheck = 1240;
				TargetAttributes = {
					9AEA1CFB25E5DABF00C329C8 = {
						CreatedOnToolsVersion = 12.4;
					};
				};
			};
			buildConfigurationList = 9AEA1CF725E5DABF00C329C8 /* Build configuration list for PBXProject "Meditapp" */;
			compatibilityVersion = "Xcode 9.3";
			developmentRegion = en;
			hasScannedForEncodings = 0;
			knownRegions = (
				en,
				Base,
			);
			mainGroup = 9AEA1CF325E5DABF00C329C8;
			productRefGroup = 9AEA1CFD25E5DAC000C329C8 /* Products */;
			projectDirPath = "";
			projectRoot = "";
			targets = (
				9AEA1CFB25E5DABF00C329C8 /* Meditapp */,
			);
		};
/* End PBXProject section */

/* Begin PBXResourcesBuildPhase section */
		9AEA1CFA25E5DABF00C329C8 /* Resources */ = {
			isa = PBXResourcesBuildPhase;
			buildActionMask = 2147483647;
			files = (
				36B9F7F8262E0A280010BFCD /* GenresTableViewCell.xib in Resources */,
				362B1B81263677EE000EAB6A /* LoadMoreCollectionViewCell.xib in Resources */,
				9AEA1D1925E5DE3E00C329C8 /* Login.storyboard in Resources */,
				36B9F802262E0D950010BFCD /* GenresCollectionViewCell.xib in Resources */,
				9AEA1D1625E5DE3800C329C8 /* Main.storyboard in Resources */,
				36B9F7F3262E0A0E0010BFCD /* RecommendationsTableViewCell.xib in Resources */,
				9AEA1D3625E5DF5100C329C8 /* GoogleService-Info.plist in Resources */,
				36B9F7FD262E0A3F0010BFCD /* RecommendationsCollectionViewCell.xib in Resources */,
				9AEA1D0C25E5DAC400C329C8 /* LaunchScreen.storyboard in Resources */,
				9AEA1D0925E5DAC400C329C8 /* Assets.xcassets in Resources */,
			);
			runOnlyForDeploymentPostprocessing = 0;
		};
/* End PBXResourcesBuildPhase section */

/* Begin PBXShellScriptBuildPhase section */
		23DAD5D3353627B6932EC9A2 /* [CP] Check Pods Manifest.lock */ = {
			isa = PBXShellScriptBuildPhase;
			buildActionMask = 2147483647;
			files = (
			);
			inputFileListPaths = (
			);
			inputPaths = (
				"${PODS_PODFILE_DIR_PATH}/Podfile.lock",
				"${PODS_ROOT}/Manifest.lock",
			);
			name = "[CP] Check Pods Manifest.lock";
			outputFileListPaths = (
			);
			outputPaths = (
				"$(DERIVED_FILE_DIR)/Pods-Meditapp-checkManifestLockResult.txt",
			);
			runOnlyForDeploymentPostprocessing = 0;
			shellPath = /bin/sh;
			shellScript = "diff \"${PODS_PODFILE_DIR_PATH}/Podfile.lock\" \"${PODS_ROOT}/Manifest.lock\" > /dev/null\nif [ $? != 0 ] ; then\n    # print error to STDERR\n    echo \"error: The sandbox is not in sync with the Podfile.lock. Run 'pod install' or update your CocoaPods installation.\" >&2\n    exit 1\nfi\n# This output is used by Xcode 'outputs' to avoid re-running this script phase.\necho \"SUCCESS\" > \"${SCRIPT_OUTPUT_FILE_0}\"\n";
			showEnvVarsInLog = 0;
		};
		DA6F8C4033BB6C160FA51E01 /* [CP] Embed Pods Frameworks */ = {
			isa = PBXShellScriptBuildPhase;
			buildActionMask = 2147483647;
			files = (
			);
			inputFileListPaths = (
				"${PODS_ROOT}/Target Support Files/Pods-Meditapp/Pods-Meditapp-frameworks-${CONFIGURATION}-input-files.xcfilelist",
			);
			name = "[CP] Embed Pods Frameworks";
			outputFileListPaths = (
				"${PODS_ROOT}/Target Support Files/Pods-Meditapp/Pods-Meditapp-frameworks-${CONFIGURATION}-output-files.xcfilelist",
			);
			runOnlyForDeploymentPostprocessing = 0;
			shellPath = /bin/sh;
			shellScript = "\"${PODS_ROOT}/Target Support Files/Pods-Meditapp/Pods-Meditapp-frameworks.sh\"\n";
			showEnvVarsInLog = 0;
		};
/* End PBXShellScriptBuildPhase section */

/* Begin PBXSourcesBuildPhase section */
		9AEA1CF825E5DABF00C329C8 /* Sources */ = {
			isa = PBXSourcesBuildPhase;
			buildActionMask = 2147483647;
			files = (
				9AEA1D2325E5DE5500C329C8 /* ForgotPasswordViewController.swift in Sources */,
				9A60A4422607E48400E93DB1 /* Post.swift in Sources */,
				3613CA952602BBC30065D1CE /* TagsViewController.swift in Sources */,
				9AE03F5B2602959A00715283 /* QuestionanireController.swift in Sources */,
				9AE03F582602958D00715283 /* SelectTagsViewController.swift in Sources */,
				36B9F7F7262E0A280010BFCD /* GenresTableViewCell.swift in Sources */,
				9A60A3DA26051CC400E93DB1 /* DBViewController.swift in Sources */,
				36ED9EFA26194C640015F454 /* ProfileViewController.swift in Sources */,
				9AEA1D0025E5DAC000C329C8 /* AppDelegate.swift in Sources */,
				3626DF992617A1DB005EC4B6 /* profileCell.swift in Sources */,
				03C63C4425EE295A00AD7815 /* postCellTableViewCell.swift in Sources */,
				36B9F7F2262E0A0E0010BFCD /* RecommendationsTableViewCell.swift in Sources */,
				362B1B84263733A0000EAB6A /* ViewMoreViewController.swift in Sources */,
				9AEA1D3025E5DE7200C329C8 /* AuthService.swift in Sources */,
				9AEA1D2825E5DE6000C329C8 /* ViewController+Utility.swift in Sources */,
				36B9F811262F2DB60010BFCD /* HeaderTableViewCell.swift in Sources */,
				9A9970BD2612888C008BAB51 /* Comment.swift in Sources */,
				3613CA962602BBC30065D1CE /* RecordingViewController.swift in Sources */,
				36B9F801262E0D950010BFCD /* GenresCollectionViewCell.swift in Sources */,
				362B1B80263677EE000EAB6A /* LoadMoreCollectionViewCell.swift in Sources */,
				36ED9EDA26194BDE0015F454 /* UploadPicViewController.swift in Sources */,
				36B9F7FC262E0A3F0010BFCD /* RecommendationsCollectionViewCell.swift in Sources */,
				9AEA1D2725E5DE6000C329C8 /* Storyboard+Utility .swift in Sources */,
				9AEA1D2F25E5DE7200C329C8 /* UserService.swift in Sources */,
				3613CA982602BBC30065D1CE /* Recording.swift in Sources */,
				9A60A38E2603F26200E93DB1 /* UserProfilePageViewController.swift in Sources */,
				3613CA972602BBC30065D1CE /* RecordingCell.swift in Sources */,
				9AEA1D2125E5DE5500C329C8 /* LoginViewController.swift in Sources */,
				9A2750B3262E08880058F821 /* followerCell.swift in Sources */,
				9A9970B626127E2A008BAB51 /* CommentViewController.swift in Sources */,
				9A2750B0262E06A60058F821 /* FollowersViewController.swift in Sources */,
				0375DBA2261E1D320013BF82 /* checklistItemTableViewCell.swift in Sources */,
				9A9970BA2612878E008BAB51 /* commentTableViewCell.swift in Sources */,
				3613CB4626067C460065D1CE /* HomePageViewController.swift in Sources */,
				9AEA1D2B25E5DE6800C329C8 /* User.swift in Sources */,
				9AE03F752602994900715283 /* ChecklistViewController.swift in Sources */,
				9AEA1D1C25E5DE4F00C329C8 /* CreateUserViewController.swift in Sources */,
				36B9F7EC262E06CE0010BFCD /* ExplorePageViewController.swift in Sources */,
			);
			runOnlyForDeploymentPostprocessing = 0;
		};
/* End PBXSourcesBuildPhase section */

/* Begin PBXVariantGroup section */
		9AEA1D0A25E5DAC400C329C8 /* LaunchScreen.storyboard */ = {
			isa = PBXVariantGroup;
			children = (
				9AEA1D0B25E5DAC400C329C8 /* Base */,
			);
			name = LaunchScreen.storyboard;
			sourceTree = "<group>";
		};
/* End PBXVariantGroup section */

/* Begin XCBuildConfiguration section */
		9AEA1D0E25E5DAC400C329C8 /* Debug */ = {
			isa = XCBuildConfiguration;
			buildSettings = {
				ALWAYS_SEARCH_USER_PATHS = NO;
				CLANG_ANALYZER_NONNULL = YES;
				CLANG_ANALYZER_NUMBER_OBJECT_CONVERSION = YES_AGGRESSIVE;
				CLANG_CXX_LANGUAGE_STANDARD = "gnu++14";
				CLANG_CXX_LIBRARY = "libc++";
				CLANG_ENABLE_MODULES = YES;
				CLANG_ENABLE_OBJC_ARC = YES;
				CLANG_ENABLE_OBJC_WEAK = YES;
				CLANG_WARN_BLOCK_CAPTURE_AUTORELEASING = YES;
				CLANG_WARN_BOOL_CONVERSION = YES;
				CLANG_WARN_COMMA = YES;
				CLANG_WARN_CONSTANT_CONVERSION = YES;
				CLANG_WARN_DEPRECATED_OBJC_IMPLEMENTATIONS = YES;
				CLANG_WARN_DIRECT_OBJC_ISA_USAGE = YES_ERROR;
				CLANG_WARN_DOCUMENTATION_COMMENTS = YES;
				CLANG_WARN_EMPTY_BODY = YES;
				CLANG_WARN_ENUM_CONVERSION = YES;
				CLANG_WARN_INFINITE_RECURSION = YES;
				CLANG_WARN_INT_CONVERSION = YES;
				CLANG_WARN_NON_LITERAL_NULL_CONVERSION = YES;
				CLANG_WARN_OBJC_IMPLICIT_RETAIN_SELF = YES;
				CLANG_WARN_OBJC_LITERAL_CONVERSION = YES;
				CLANG_WARN_OBJC_ROOT_CLASS = YES_ERROR;
				CLANG_WARN_QUOTED_INCLUDE_IN_FRAMEWORK_HEADER = YES;
				CLANG_WARN_RANGE_LOOP_ANALYSIS = YES;
				CLANG_WARN_STRICT_PROTOTYPES = YES;
				CLANG_WARN_SUSPICIOUS_MOVE = YES;
				CLANG_WARN_UNGUARDED_AVAILABILITY = YES_AGGRESSIVE;
				CLANG_WARN_UNREACHABLE_CODE = YES;
				CLANG_WARN__DUPLICATE_METHOD_MATCH = YES;
				COPY_PHASE_STRIP = NO;
				DEBUG_INFORMATION_FORMAT = dwarf;
				ENABLE_STRICT_OBJC_MSGSEND = YES;
				ENABLE_TESTABILITY = YES;
				GCC_C_LANGUAGE_STANDARD = gnu11;
				GCC_DYNAMIC_NO_PIC = NO;
				GCC_NO_COMMON_BLOCKS = YES;
				GCC_OPTIMIZATION_LEVEL = 0;
				GCC_PREPROCESSOR_DEFINITIONS = (
					"DEBUG=1",
					"$(inherited)",
				);
				GCC_WARN_64_TO_32_BIT_CONVERSION = YES;
				GCC_WARN_ABOUT_RETURN_TYPE = YES_ERROR;
				GCC_WARN_UNDECLARED_SELECTOR = YES;
				GCC_WARN_UNINITIALIZED_AUTOS = YES_AGGRESSIVE;
				GCC_WARN_UNUSED_FUNCTION = YES;
				GCC_WARN_UNUSED_VARIABLE = YES;
				IPHONEOS_DEPLOYMENT_TARGET = 14.4;
				MTL_ENABLE_DEBUG_INFO = INCLUDE_SOURCE;
				MTL_FAST_MATH = YES;
				ONLY_ACTIVE_ARCH = YES;
				SDKROOT = iphoneos;
				SWIFT_ACTIVE_COMPILATION_CONDITIONS = DEBUG;
				SWIFT_OPTIMIZATION_LEVEL = "-Onone";
			};
			name = Debug;
		};
		9AEA1D0F25E5DAC400C329C8 /* Release */ = {
			isa = XCBuildConfiguration;
			buildSettings = {
				ALWAYS_SEARCH_USER_PATHS = NO;
				CLANG_ANALYZER_NONNULL = YES;
				CLANG_ANALYZER_NUMBER_OBJECT_CONVERSION = YES_AGGRESSIVE;
				CLANG_CXX_LANGUAGE_STANDARD = "gnu++14";
				CLANG_CXX_LIBRARY = "libc++";
				CLANG_ENABLE_MODULES = YES;
				CLANG_ENABLE_OBJC_ARC = YES;
				CLANG_ENABLE_OBJC_WEAK = YES;
				CLANG_WARN_BLOCK_CAPTURE_AUTORELEASING = YES;
				CLANG_WARN_BOOL_CONVERSION = YES;
				CLANG_WARN_COMMA = YES;
				CLANG_WARN_CONSTANT_CONVERSION = YES;
				CLANG_WARN_DEPRECATED_OBJC_IMPLEMENTATIONS = YES;
				CLANG_WARN_DIRECT_OBJC_ISA_USAGE = YES_ERROR;
				CLANG_WARN_DOCUMENTATION_COMMENTS = YES;
				CLANG_WARN_EMPTY_BODY = YES;
				CLANG_WARN_ENUM_CONVERSION = YES;
				CLANG_WARN_INFINITE_RECURSION = YES;
				CLANG_WARN_INT_CONVERSION = YES;
				CLANG_WARN_NON_LITERAL_NULL_CONVERSION = YES;
				CLANG_WARN_OBJC_IMPLICIT_RETAIN_SELF = YES;
				CLANG_WARN_OBJC_LITERAL_CONVERSION = YES;
				CLANG_WARN_OBJC_ROOT_CLASS = YES_ERROR;
				CLANG_WARN_QUOTED_INCLUDE_IN_FRAMEWORK_HEADER = YES;
				CLANG_WARN_RANGE_LOOP_ANALYSIS = YES;
				CLANG_WARN_STRICT_PROTOTYPES = YES;
				CLANG_WARN_SUSPICIOUS_MOVE = YES;
				CLANG_WARN_UNGUARDED_AVAILABILITY = YES_AGGRESSIVE;
				CLANG_WARN_UNREACHABLE_CODE = YES;
				CLANG_WARN__DUPLICATE_METHOD_MATCH = YES;
				COPY_PHASE_STRIP = NO;
				DEBUG_INFORMATION_FORMAT = "dwarf-with-dsym";
				ENABLE_NS_ASSERTIONS = NO;
				ENABLE_STRICT_OBJC_MSGSEND = YES;
				GCC_C_LANGUAGE_STANDARD = gnu11;
				GCC_NO_COMMON_BLOCKS = YES;
				GCC_WARN_64_TO_32_BIT_CONVERSION = YES;
				GCC_WARN_ABOUT_RETURN_TYPE = YES_ERROR;
				GCC_WARN_UNDECLARED_SELECTOR = YES;
				GCC_WARN_UNINITIALIZED_AUTOS = YES_AGGRESSIVE;
				GCC_WARN_UNUSED_FUNCTION = YES;
				GCC_WARN_UNUSED_VARIABLE = YES;
				IPHONEOS_DEPLOYMENT_TARGET = 14.4;
				MTL_ENABLE_DEBUG_INFO = NO;
				MTL_FAST_MATH = YES;
				SDKROOT = iphoneos;
				SWIFT_COMPILATION_MODE = wholemodule;
				SWIFT_OPTIMIZATION_LEVEL = "-O";
				VALIDATE_PRODUCT = YES;
			};
			name = Release;
		};
		9AEA1D1125E5DAC400C329C8 /* Debug */ = {
			isa = XCBuildConfiguration;
			baseConfigurationReference = BEE27369E814AADE44D03C86 /* Pods-Meditapp.debug.xcconfig */;
			buildSettings = {
				ASSETCATALOG_COMPILER_APPICON_NAME = AppIcon;
				ASSETCATALOG_COMPILER_GLOBAL_ACCENT_COLOR_NAME = AccentColor;
				CODE_SIGN_STYLE = Automatic;
				DEVELOPMENT_TEAM = K6ATTQCYHQ;
				INFOPLIST_FILE = Meditapp/Info.plist;
				LD_RUNPATH_SEARCH_PATHS = (
					"$(inherited)",
					"@executable_path/Frameworks",
				);
				PRODUCT_BUNDLE_IDENTIFIER = capstone.Meditapp;
				PRODUCT_NAME = "$(TARGET_NAME)";
				SWIFT_VERSION = 5.0;
				TARGETED_DEVICE_FAMILY = "1,2";
			};
			name = Debug;
		};
		9AEA1D1225E5DAC400C329C8 /* Release */ = {
			isa = XCBuildConfiguration;
			baseConfigurationReference = B2CD616A923D87988BE08962 /* Pods-Meditapp.release.xcconfig */;
			buildSettings = {
				ASSETCATALOG_COMPILER_APPICON_NAME = AppIcon;
				ASSETCATALOG_COMPILER_GLOBAL_ACCENT_COLOR_NAME = AccentColor;
				CODE_SIGN_STYLE = Automatic;
				DEVELOPMENT_TEAM = K6ATTQCYHQ;
				INFOPLIST_FILE = Meditapp/Info.plist;
				LD_RUNPATH_SEARCH_PATHS = (
					"$(inherited)",
					"@executable_path/Frameworks",
				);
				PRODUCT_BUNDLE_IDENTIFIER = capstone.Meditapp;
				PRODUCT_NAME = "$(TARGET_NAME)";
				SWIFT_VERSION = 5.0;
				TARGETED_DEVICE_FAMILY = "1,2";
			};
			name = Release;
		};
/* End XCBuildConfiguration section */

/* Begin XCConfigurationList section */
		9AEA1CF725E5DABF00C329C8 /* Build configuration list for PBXProject "Meditapp" */ = {
			isa = XCConfigurationList;
			buildConfigurations = (
				9AEA1D0E25E5DAC400C329C8 /* Debug */,
				9AEA1D0F25E5DAC400C329C8 /* Release */,
			);
			defaultConfigurationIsVisible = 0;
			defaultConfigurationName = Release;
		};
		9AEA1D1025E5DAC400C329C8 /* Build configuration list for PBXNativeTarget "Meditapp" */ = {
			isa = XCConfigurationList;
			buildConfigurations = (
				9AEA1D1125E5DAC400C329C8 /* Debug */,
				9AEA1D1225E5DAC400C329C8 /* Release */,
			);
			defaultConfigurationIsVisible = 0;
			defaultConfigurationName = Release;
		};
/* End XCConfigurationList section */
	};
	rootObject = 9AEA1CF425E5DABF00C329C8 /* Project object */;
}
